
Microsoft Visual Studio Solution File, Format Version 12.00
# Visual Studio Version 16
VisualStudioVersion = 16.0.31702.278
MinimumVisualStudioVersion = 10.0.40219.1
Project("{FAE04EC0-301F-11D3-BF4B-00C04F79EFBC}") = "Demogit2022", "Demogit2022\Demogit2022.csproj", "{EB058281-F690-4CE0-9DBC-EEF00B20CADC}"
EndProject
Global
	GlobalSection(SolutionConfigurationPlatforms) = preSolution
		Debug|Any CPU = Debug|Any CPU
		Release|Any CPU = Release|Any CPU
	EndGlobalSection
	GlobalSection(ProjectConfigurationPlatforms) = postSolution
		{EB058281-F690-4CE0-9DBC-EEF00B20CADC}.Debug|Any CPU.ActiveCfg = Debug|Any CPU
		{EB058281-F690-4CE0-9DBC-EEF00B20CADC}.Debug|Any CPU.Build.0 = Debug|Any CPU
		{EB058281-F690-4CE0-9DBC-EEF00B20CADC}.Release|Any CPU.ActiveCfg = Release|Any CPU
		{EB058281-F690-4CE0-9DBC-EEF00B20CADC}.Release|Any CPU.Build.0 = Release|Any CPU
	EndGlobalSection
	GlobalSection(SolutionProperties) = preSolution
		HideSolutionNode = FALSE
	EndGlobalSection
	GlobalSection(ExtensibilityGlobals) = postSolution
		SolutionGuid = {1FAD9897-9A9D-4D50-AD64-456C8F79A95C}
	EndGlobalSection
EndGlobal
